
Microsoft Visual Studio Solution File, Format Version 12.00
# Visual Studio 2012
Project("{FAE04EC0-301F-11D3-BF4B-00C04F79EFBC}") = "Psychadelic-Csharp", "Psychadelic-Csharp\Psychadelic-Csharp.csproj", "{BAB5E89A-E13D-4948-895E-81FEEB5C0E48}"
EndProject
Global
	GlobalSection(SolutionConfigurationPlatforms) = preSolution
		Debug|Any CPU = Debug|Any CPU
		Release|Any CPU = Release|Any CPU
	EndGlobalSection
	GlobalSection(ProjectConfigurationPlatforms) = postSolution
		{BAB5E89A-E13D-4948-895E-81FEEB5C0E48}.Debug|Any CPU.ActiveCfg = Debug|Any CPU
		{BAB5E89A-E13D-4948-895E-81FEEB5C0E48}.Debug|Any CPU.Build.0 = Debug|Any CPU
		{BAB5E89A-E13D-4948-895E-81FEEB5C0E48}.Release|Any CPU.ActiveCfg = Release|Any CPU
		{BAB5E89A-E13D-4948-895E-81FEEB5C0E48}.Release|Any CPU.Build.0 = Release|Any CPU
	EndGlobalSection
	GlobalSection(SolutionProperties) = preSolution
		HideSolutionNode = FALSE
	EndGlobalSection
EndGlobal
